dependencies:
- name: pgo
  repository: oci://registry.developers.crunchydata.com/crunchydata
  version: 5.6.0
- name: postgrescluster
  repository: ""
  version: 5.6.0
- name: redis
  repository: oci://registry-1.docker.io/bitnamicharts
  version: 20.0.3
digest: sha256:dd0444005ba839596da95f8e6345d6f61a0c2b8e4e24a2a13c125da3a92b0a94
generated: "2024-08-22T15:27:15.566582853-04:00"
